
Microsoft Visual Studio Solution File, Format Version 12.00
# Visual Studio Version 16
VisualStudioVersion = 16.0.29418.71
MinimumVisualStudioVersion = 10.0.40219.1
Project("{FAE04EC0-301F-11D3-BF4B-00C04F79EFBC}") = "Module11Project", "Module11Project\Module11Project.csproj", "{B527B8AA-B3A9-4DB1-BB95-965F1ADE406D}"
EndProject
Global
	GlobalSection(SolutionConfigurationPlatforms) = preSolution
		Debug|Any CPU = Debug|Any CPU
		Release|Any CPU = Release|Any CPU
	EndGlobalSection
	GlobalSection(ProjectConfigurationPlatforms) = postSolution
		{B527B8AA-B3A9-4DB1-BB95-965F1ADE406D}.Debug|Any CPU.ActiveCfg = Debug|Any CPU
		{B527B8AA-B3A9-4DB1-BB95-965F1ADE406D}.Debug|Any CPU.Build.0 = Debug|Any CPU
		{B527B8AA-B3A9-4DB1-BB95-965F1ADE406D}.Release|Any CPU.ActiveCfg = Release|Any CPU
		{B527B8AA-B3A9-4DB1-BB95-965F1ADE406D}.Release|Any CPU.Build.0 = Release|Any CPU
	EndGlobalSection
	GlobalSection(SolutionProperties) = preSolution
		HideSolutionNode = FALSE
	EndGlobalSection
	GlobalSection(ExtensibilityGlobals) = postSolution
		SolutionGuid = {EE81423C-B28B-4A8F-8B31-062F45DB6A78}
	EndGlobalSection
EndGlobal
